{
    "name": "audio-video-merger-site",
    "version": "1.0.0",
    "lockfileVersion": 3,
    "requires": true,
    "packages": {
        "": {
            "name": "audio-video-merger-site",
            "version": "1.0.0",
            "license": "GPL-3.0",
            "dependencies": {
                "@fortawesome/fontawesome-svg-core": "^7.2.0",
                "@fortawesome/free-brands-svg-icons": "^7.2.0",
                "@fortawesome/free-solid-svg-icons": "^7.2.0"
            },
            "devDependencies": {
                "typescript": "^6.0.3"
            }
        },
        "node_modules/@fortawesome/fontawesome-common-types": {
            "version": "7.2.0",
            "resolved": "https://registry.npmjs.org/@fortawesome/fontawesome-common-types/-/fontawesome-common-types-7.2.0.tgz",
            "integrity": "sha512-IpR0bER9FY25p+e7BmFH25MZKEwFHTfRAfhOyJubgiDnoJNsSvJ7nigLraHtp4VOG/cy8D7uiV0dLkHOne5Fhw==",
            "license": "MIT",
            "engines": {
                "node": ">=6"
            }
        },
        "node_modules/@fortawesome/fontawesome-svg-core": {
            "version": "7.2.0",
            "resolved": "https://registry.npmjs.org/@fortawesome/fontawesome-svg-core/-/fontawesome-svg-core-7.2.0.tgz",
            "integrity": "sha512-6639htZMjEkwskf3J+e6/iar+4cTNM9qhoWuRfj9F3eJD6r7iCzV1SWnQr2Mdv0QT0suuqU8BoJCZUyCtP9R4Q==",
            "license": "MIT",
            "dependencies": {
                "@fortawesome/fontawesome-common-types": "7.2.0"
            },
            "engines": {
                "node": ">=6"
            }
        },
        "node_modules/@fortawesome/free-brands-svg-icons": {
            "version": "7.2.0",
            "resolved": "https://registry.npmjs.org/@fortawesome/free-brands-svg-icons/-/free-brands-svg-icons-7.2.0.tgz",
            "integrity": "sha512-VNG8xqOip1JuJcC3zsVsKRQ60oXG9+oYNDCosjoU/H9pgYmLTEwWw8pE0jhPz/JWdHeUuK6+NQ3qsM4gIbdbYQ==",
            "license": "(CC-BY-4.0 AND MIT)",
            "dependencies": {
                "@fortawesome/fontawesome-common-types": "7.2.0"
            },
            "engines": {
                "node": ">=6"
            }
        },
        "node_modules/@fortawesome/free-solid-svg-icons": {
            "version": "7.2.0",
            "resolved": "https://registry.npmjs.org/@fortawesome/free-solid-svg-icons/-/free-solid-svg-icons-7.2.0.tgz",
            "integrity": "sha512-YTVITFGN0/24PxzXrwqCgnyd7njDuzp5ZvaCx5nq/jg55kUYd94Nj8UTchBdBofi/L0nwRfjGOg0E41d2u9T1w==",
            "license": "(CC-BY-4.0 AND MIT)",
            "dependencies": {
                "@fortawesome/fontawesome-common-types": "7.2.0"
            },
            "engines": {
                "node": ">=6"
            }
        },
        "node_modules/typescript": {
            "version": "6.0.3",
            "resolved": "https://registry.npmjs.org/typescript/-/typescript-6.0.3.tgz",
            "integrity": "sha512-y2TvuxSZPDyQakkFRPZHKFm+KKVqIisdg9/CZwm9ftvKXLP8NRWj38/ODjNbr43SsoXqNuAisEf1GdCxqWcdBw==",
            "dev": true,
            "license": "Apache-2.0",
            "bin": {
                "tsc": "bin/tsc",
                "tsserver": "bin/tsserver"
            },
            "engines": {
                "node": ">=14.17"
            }
        }
    }
}
